// !$*UTF8*$!
{
	archiveVersion = 1;
	classes = {
	};
	objectVersion = 77;
	objects = {

/* Begin PBXBuildFile section */
/* End PBXBuildFile section */

/* Begin PBXFileReference section */
		6992199BE9DB4717963DEA9B /* WhitelistChecker.app */ = {isa = PBXFileReference; explicitFileType = wrapper.application; includeInIndex = 0; path = WhitelistChecker.app; sourceTree = BUILT_PRODUCTS_DIR; };
/* End PBXFileReference section */

/* Begin PBXFileSystemSynchronizedBuildFileExceptionSet section */
		D72608E46DFF432F9C35C4AD /* Exceptions for "WhitelistChecker" folder in "WhitelistChecker" target */ = {
			isa = PBXFileSystemSynchronizedBuildFileExceptionSet;
			membershipExceptions = (
				Info.plist,
			);
			target = F8C88876E9F543A6BA62A0B3 /* WhitelistChecker */;
		};
/* End PBXFileSystemSynchronizedBuildFileExceptionSet section */

/* Begin PBXFileSystemSynchronizedRootGroup section */
		197F83D1C83049F1B7E9092D /* WhitelistChecker */ = {
			isa = PBXFileSystemSynchronizedRootGroup;
			exceptions = (
				D72608E46DFF432F9C35C4AD /* Exceptions for "WhitelistChecker" folder in "WhitelistChecker" target */,
			);
			path = WhitelistChecker;
			sourceTree = "<group>";
		};
/* End PBXFileSystemSynchronizedRootGroup section */

/* Begin PBXFrameworksBuildPhase section */
		A5246EBFC10B496C928027F9 /* Frameworks */ = {
			isa = PBXFrameworksBuildPhase;
			buildActionMask = 2147483647;
			files = (
			);
			runOnlyForDeploymentPostprocessing = 0;
		};
/* End PBXFrameworksBuildPhase section */

/* Begin PBXGroup section */
		9E9F24D68CB54F12B31DDF28 = {
			isa = PBXGroup;
			children = (
				197F83D1C83049F1B7E9092D /* WhitelistChecker */,
				7E05FE23ED8F4E789AD85647 /* Products */,
			);
			sourceTree = "<group>";
		};
		7E05FE23ED8F4E789AD85647 /* Products */ = {
			isa = PBXGroup;
			children = (
				6992199BE9DB4717963DEA9B /* WhitelistChecker.app */,
			);
			name = Products;
			sourceTree = "<group>";
		};
/* End PBXGroup section */

/* Begin PBXNativeTarget section */
		F8C88876E9F543A6BA62A0B3 /* WhitelistChecker */ = {
			isa = PBXNativeTarget;
			buildConfigurationList = 3A702E6296A44BB597DE7E33 /* Build configuration list for PBXNativeTarget "WhitelistChecker" */;
			buildPhases = (
				E566CDFF92594AFF8AF5909C /* Sources */,
				A5246EBFC10B496C928027F9 /* Frameworks */,
				20CE9A514A0A4689AA6694F8 /* Resources */,
			);
			buildRules = (
			);
			dependencies = (
			);
			fileSystemSynchronizedGroups = (
				197F83D1C83049F1B7E9092D /* WhitelistChecker */,
			);
			name = WhitelistChecker;
			productName = WhitelistChecker;
			productReference = 6992199BE9DB4717963DEA9B /* WhitelistChecker.app */;
			productType = "com.apple.product-type.application";
		};
/* End PBXNativeTarget section */

/* Begin PBXProject section */
		715E557A57BD404B86551A2E /* Project object */ = {
			isa = PBXProject;
			attributes = {
				BuildIndependentTargetsInParallel = 1;
				LastSwiftUpdateCheck = 2650;
				LastUpgradeCheck = 2650;
				TargetAttributes = {
					F8C88876E9F543A6BA62A0B3 = {
						CreatedOnToolsVersion = 26.5;
					};
				};
			};
			buildConfigurationList = 9FD20A0898724EB0937A72D3 /* Build configuration list for PBXProject "WhitelistChecker" */;
			compatibilityVersion = "Xcode 16.0";
			developmentRegion = en;
			hasScannedForEncodings = 0;
			knownRegions = (
				en,
				Base,
				ru,
			);
			mainGroup = 9E9F24D68CB54F12B31DDF28;
			minimizedProjectReferenceProxies = 1;
			preferredProjectObjectVersion = 77;
			productRefGroup = 7E05FE23ED8F4E789AD85647 /* Products */;
			projectDirPath = "";
			projectRoot = "";
			targets = (
				F8C88876E9F543A6BA62A0B3 /* WhitelistChecker */,
			);
		};
/* End PBXProject section */

/* Begin PBXResourcesBuildPhase section */
		20CE9A514A0A4689AA6694F8 /* Resources */ = {
			isa = PBXResourcesBuildPhase;
			buildActionMask = 2147483647;
			files = (
			);
			runOnlyForDeploymentPostprocessing = 0;
		};
/* End PBXResourcesBuildPhase section */

/* Begin PBXSourcesBuildPhase section */
		E566CDFF92594AFF8AF5909C /* Sources */ = {
			isa = PBXSourcesBuildPhase;
			buildActionMask = 2147483647;
			files = (
			);
			runOnlyForDeploymentPostprocessing = 0;
		};
/* End PBXSourcesBuildPhase section */

/* Begin XCBuildConfiguration section */
		3069CF55626E4FBB8DA0A3C4 /* Debug */ = {
			isa = XCBuildConfiguration;
			buildSettings = {
				ALWAYS_SEARCH_USER_PATHS = NO;
				CLANG_ANALYZER_NONNULL = YES;
				CLANG_ENABLE_MODULES = YES;
				CLANG_ENABLE_OBJC_ARC = YES;
				ENABLE_STRICT_OBJC_MSGSEND = YES;
				GCC_C_LANGUAGE_STANDARD = gnu17;
				GCC_NO_COMMON_BLOCKS = YES;
				IPHONEOS_DEPLOYMENT_TARGET = 16.0;
				ONLY_ACTIVE_ARCH = YES;
				SDKROOT = iphoneos;
				SWIFT_ACTIVE_COMPILATION_CONDITIONS = DEBUG;
				SWIFT_OPTIMIZATION_LEVEL = "-Onone";
			};
			name = Debug;
		};
		81ABE096037947C2B5FFA5B1 /* Release */ = {
			isa = XCBuildConfiguration;
			buildSettings = {
				ALWAYS_SEARCH_USER_PATHS = NO;
				CLANG_ANALYZER_NONNULL = YES;
				CLANG_ENABLE_MODULES = YES;
				CLANG_ENABLE_OBJC_ARC = YES;
				ENABLE_NS_ASSERTIONS = NO;
				ENABLE_STRICT_OBJC_MSGSEND = YES;
				GCC_C_LANGUAGE_STANDARD = gnu17;
				GCC_NO_COMMON_BLOCKS = YES;
				IPHONEOS_DEPLOYMENT_TARGET = 16.0;
				SDKROOT = iphoneos;
				SWIFT_COMPILATION_MODE = wholemodule;
				VALIDATE_PRODUCT = YES;
			};
			name = Release;
		};
		ECC58A5400944F53BB44A6D7 /* Debug */ = {
			isa = XCBuildConfiguration;
			buildSettings = {
				ASSETCATALOG_COMPILER_APPICON_NAME = AppIcon;
				ASSETCATALOG_COMPILER_GLOBAL_ACCENT_COLOR_NAME = AccentColor;
				CODE_SIGN_STYLE = Automatic;
				CURRENT_PROJECT_VERSION = 1;
				ENABLE_PREVIEWS = YES;
				GENERATE_INFOPLIST_FILE = NO;
				INFOPLIST_FILE = WhitelistChecker/Info.plist;
				INFOPLIST_KEY_UILaunchScreen_Generation = YES;
				IPHONEOS_DEPLOYMENT_TARGET = 16.0;
				LD_RUNPATH_SEARCH_PATHS = (
					"$(inherited)",
					"@executable_path/Frameworks",
				);
				MARKETING_VERSION = 1.2;
				PRODUCT_BUNDLE_IDENTIFIER = com.ridiccur.whitelistchecker;
				PRODUCT_NAME = "$(TARGET_NAME)";
				OTHER_LDFLAGS = "-lresolv";
				SWIFT_OBJC_BRIDGING_HEADER = "WhitelistChecker/WhitelistChecker-Bridging-Header.h";
				SWIFT_EMIT_LOC_STRINGS = YES;
				SWIFT_VERSION = 5.0;
				TARGETED_DEVICE_FAMILY = "1,2";
			};
			name = Debug;
		};
		C72BA1F40C2B40BE8C193DEE /* Release */ = {
			isa = XCBuildConfiguration;
			buildSettings = {
				ASSETCATALOG_COMPILER_APPICON_NAME = AppIcon;
				ASSETCATALOG_COMPILER_GLOBAL_ACCENT_COLOR_NAME = AccentColor;
				CODE_SIGN_STYLE = Automatic;
				CURRENT_PROJECT_VERSION = 1;
				ENABLE_PREVIEWS = YES;
				GENERATE_INFOPLIST_FILE = NO;
				INFOPLIST_FILE = WhitelistChecker/Info.plist;
				INFOPLIST_KEY_UILaunchScreen_Generation = YES;
				IPHONEOS_DEPLOYMENT_TARGET = 16.0;
				LD_RUNPATH_SEARCH_PATHS = (
					"$(inherited)",
					"@executable_path/Frameworks",
				);
				MARKETING_VERSION = 1.2;
				PRODUCT_BUNDLE_IDENTIFIER = com.ridiccur.whitelistchecker;
				PRODUCT_NAME = "$(TARGET_NAME)";
				OTHER_LDFLAGS = "-lresolv";
				SWIFT_OBJC_BRIDGING_HEADER = "WhitelistChecker/WhitelistChecker-Bridging-Header.h";
				SWIFT_EMIT_LOC_STRINGS = YES;
				SWIFT_VERSION = 5.0;
				TARGETED_DEVICE_FAMILY = "1,2";
			};
			name = Release;
		};
/* End XCBuildConfiguration section */

/* Begin XCConfigurationList section */
		9FD20A0898724EB0937A72D3 /* Build configuration list for PBXProject "WhitelistChecker" */ = {
			isa = XCConfigurationList;
			buildConfigurations = (
				3069CF55626E4FBB8DA0A3C4 /* Debug */,
				81ABE096037947C2B5FFA5B1 /* Release */,
			);
			defaultConfigurationIsVisible = 0;
			defaultConfigurationName = Release;
		};
		3A702E6296A44BB597DE7E33 /* Build configuration list for PBXNativeTarget "WhitelistChecker" */ = {
			isa = XCConfigurationList;
			buildConfigurations = (
				ECC58A5400944F53BB44A6D7 /* Debug */,
				C72BA1F40C2B40BE8C193DEE /* Release */,
			);
			defaultConfigurationIsVisible = 0;
			defaultConfigurationName = Release;
		};
/* End XCConfigurationList section */
	};
	rootObject = 715E557A57BD404B86551A2E /* Project object */;
}
